// !$*UTF8*$!
{
	archiveVersion = 1;
	classes = {
	};
	objectVersion = 46;
	objects = {

/* Begin PBXBuildFile section */
		2B0EDDFA146EEB840052D411 /* LBGradientView.m in Sources */ = {isa = PBXBuildFile; fileRef = 2B0EDDF9146EEB840052D411 /* LBGradientView.m */; };
		2BC8C017146EBF5E00131C59 /* UIKit.framework in Frameworks */ = {isa = PBXBuildFile; fileRef = 2BC8C016146EBF5E00131C59 /* UIKit.framework */; };
		2BC8C019146EBF5E00131C59 /* Foundation.framework in Frameworks */ = {isa = PBXBuildFile; fileRef = 2BC8C018146EBF5E00131C59 /* Foundation.framework */; };
		2BC8C01B146EBF5E00131C59 /* CoreGraphics.framework in Frameworks */ = {isa = PBXBuildFile; fileRef = 2BC8C01A146EBF5E00131C59 /* CoreGraphics.framework */; };
		2BC8C021146EBF5E00131C59 /* InfoPlist.strings in Resources */ = {isa = PBXBuildFile; fileRef = 2BC8C01F146EBF5E00131C59 /* InfoPlist.strings */; };
		2BC8C023146EBF5E00131C59 /* main.m in Sources */ = {isa = PBXBuildFile; fileRef = 2BC8C022146EBF5E00131C59 /* main.m */; };
		2BC8C027146EBF5E00131C59 /* LBAppDelegate.m in Sources */ = {isa = PBXBuildFile; fileRef = 2BC8C026146EBF5E00131C59 /* LBAppDelegate.m */; };
		2BC8C02A146EBF5E00131C59 /* MainStoryboard_iPhone.storyboard in Resources */ = {isa = PBXBuildFile; fileRef = 2BC8C028146EBF5E00131C59 /* MainStoryboard_iPhone.storyboard */; };
		2BC8C02D146EBF5E00131C59 /* MainStoryboard_iPad.storyboard in Resources */ = {isa = PBXBuildFile; fileRef = 2BC8C02B146EBF5E00131C59 /* MainStoryboard_iPad.storyboard */; };
		2BC8C030146EBF5E00131C59 /* LBViewController.m in Sources */ = {isa = PBXBuildFile; fileRef = 2BC8C02F146EBF5E00131C59 /* LBViewController.m */; };
		2BC8C03E146EBF9700131C59 /* LBGradient.m in Sources */ = {isa = PBXBuildFile; fileRef = 2BC8C03D146EBF9700131C59 /* LBGradient.m */; };
/* End PBXBuildFile section */

/* Begin PBXFileReference section */
		2B0EDDF8146EEB840052D411 /* LBGradientView.h */ = {isa = PBXFileReference; fileEncoding = 4; lastKnownFileType = sourcecode.c.h; path = LBGradientView.h; sourceTree = "<group>"; };
		2B0EDDF9146EEB840052D411 /* LBGradientView.m */ = {isa = PBXFileReference; fileEncoding = 4; lastKnownFileType = sourcecode.c.objc; path = LBGradientView.m; sourceTree = "<group>"; };
		2BC8C012146EBF5E00131C59 /* LBGradient.app */ = {isa = PBXFileReference; explicitFileType = wrapper.application; includeInIndex = 0; path = LBGradient.app; sourceTree = BUILT_PRODUCTS_DIR; };
		2BC8C016146EBF5E00131C59 /* UIKit.framework */ = {isa = PBXFileReference; lastKnownFileType = wrapper.framework; name = UIKit.framework; path = System/Library/Frameworks/UIKit.framework; sourceTree = SDKROOT; };
		2BC8C018146EBF5E00131C59 /* Foundation.framework */ = {isa = PBXFileReference; lastKnownFileType = wrapper.framework; name = Foundation.framework; path = System/Library/Frameworks/Foundation.framework; sourceTree = SDKROOT; };
		2BC8C01A146EBF5E00131C59 /* CoreGraphics.framework */ = {isa = PBXFileReference; lastKnownFileType = wrapper.framework; name = CoreGraphics.framework; path = System/Library/Frameworks/CoreGraphics.framework; sourceTree = SDKROOT; };
		2BC8C01E146EBF5E00131C59 /* LBGradient-Info.plist */ = {isa = PBXFileReference; lastKnownFileType = text.plist.xml; path = "LBGradient-Info.plist"; sourceTree = "<group>"; };
		2BC8C020146EBF5E00131C59 /* en */ = {isa = PBXFileReference; lastKnownFileType = text.plist.strings; name = en; path = en.lproj/InfoPlist.strings; sourceTree = "<group>"; };
		2BC8C022146EBF5E00131C59 /* main.m */ = {isa = PBXFileReference; lastKnownFileType = sourcecode.c.objc; path = main.m; sourceTree = "<group>"; };
		2BC8C024146EBF5E00131C59 /* LBGradient-Prefix.pch */ = {isa = PBXFileReference; lastKnownFileType = sourcecode.c.h; path = "LBGradient-Prefix.pch"; sourceTree = "<group>"; };
		2BC8C025146EBF5E00131C59 /* LBAppDelegate.h */ = {isa = PBXFileReference; lastKnownFileType = sourcecode.c.h; path = LBAppDelegate.h; sourceTree = "<group>"; };
		2BC8C026146EBF5E00131C59 /* LBAppDelegate.m */ = {isa = PBXFileReference; lastKnownFileType = sourcecode.c.objc; path = LBAppDelegate.m; sourceTree = "<group>"; };
		2BC8C029146EBF5E00131C59 /* en */ = {isa = PBXFileReference; lastKnownFileType = file.storyboard; name = en; path = en.lproj/MainStoryboard_iPhone.storyboard; sourceTree = "<group>"; };
		2BC8C02C146EBF5E00131C59 /* en */ = {isa = PBXFileReference; lastKnownFileType = file.storyboard; name = en; path = en.lproj/MainStoryboard_iPad.storyboard; sourceTree = "<group>"; };
		2BC8C02E146EBF5E00131C59 /* LBViewController.h */ = {isa = PBXFileReference; lastKnownFileType = sourcecode.c.h; path = LBViewController.h; sourceTree = "<group>"; };
		2BC8C02F146EBF5E00131C59 /* LBViewController.m */ = {isa = PBXFileReference; lastKnownFileType = sourcecode.c.objc; path = LBViewController.m; sourceTree = "<group>"; };
		2BC8C03C146EBF9700131C59 /* LBGradient.h */ = {isa = PBXFileReference; fileEncoding = 4; lastKnownFileType = sourcecode.c.h; path = LBGradient.h; sourceTree = "<group>"; };
		2BC8C03D146EBF9700131C59 /* LBGradient.m */ = {isa = PBXFileReference; fileEncoding = 4; lastKnownFileType = sourcecode.c.objc; path = LBGradient.m; sourceTree = "<group>"; };
/* End PBXFileReference section */

/* Begin PBXFrameworksBuildPhase section */
		2BC8C00F146EBF5E00131C59 /* Frameworks */ = {
			isa = PBXFrameworksBuildPhase;
			buildActionMask = 2147483647;
			files = (
				2BC8C017146EBF5E00131C59 /* UIKit.framework in Frameworks */,
				2BC8C019146EBF5E00131C59 /* Foundation.framework in Frameworks */,
				2BC8C01B146EBF5E00131C59 /* CoreGraphics.framework in Frameworks */,
			);
			runOnlyForDeploymentPostprocessing = 0;
		};
/* End PBXFrameworksBuildPhase section */

/* Begin PBXGroup section */
		2BC8C007146EBF5E00131C59 = {
			isa = PBXGroup;
			children = (
				2BC8C01C146EBF5E00131C59 /* LBGradient */,
				2BC8C015146EBF5E00131C59 /* Frameworks */,
				2BC8C013146EBF5E00131C59 /* Products */,
			);
			sourceTree = "<group>";
		};
		2BC8C013146EBF5E00131C59 /* Products */ = {
			isa = PBXGroup;
			children = (
				2BC8C012146EBF5E00131C59 /* LBGradient.app */,
			);
			name = Products;
			sourceTree = "<group>";
		};
		2BC8C015146EBF5E00131C59 /* Frameworks */ = {
			isa = PBXGroup;
			children = (
				2BC8C016146EBF5E00131C59 /* UIKit.framework */,
				2BC8C018146EBF5E00131C59 /* Foundation.framework */,
				2BC8C01A146EBF5E00131C59 /* CoreGraphics.framework */,
			);
			name = Frameworks;
			sourceTree = "<group>";
		};
		2BC8C01C146EBF5E00131C59 /* LBGradient */ = {
			isa = PBXGroup;
			children = (
				2BC8C03C146EBF9700131C59 /* LBGradient.h */,
				2BC8C03D146EBF9700131C59 /* LBGradient.m */,
				2BC8C025146EBF5E00131C59 /* LBAppDelegate.h */,
				2BC8C026146EBF5E00131C59 /* LBAppDelegate.m */,
				2BC8C028146EBF5E00131C59 /* MainStoryboard_iPhone.storyboard */,
				2BC8C02B146EBF5E00131C59 /* MainStoryboard_iPad.storyboard */,
				2BC8C02E146EBF5E00131C59 /* LBViewController.h */,
				2BC8C02F146EBF5E00131C59 /* LBViewController.m */,
				2B0EDDF8146EEB840052D411 /* LBGradientView.h */,
				2B0EDDF9146EEB840052D411 /* LBGradientView.m */,
				2BC8C01D146EBF5E00131C59 /* Supporting Files */,
			);
			path = LBGradient;
			sourceTree = "<group>";
		};
		2BC8C01D146EBF5E00131C59 /* Supporting Files */ = {
			isa = PBXGroup;
			children = (
				2BC8C01E146EBF5E00131C59 /* LBGradient-Info.plist */,
				2BC8C01F146EBF5E00131C59 /* InfoPlist.strings */,
				2BC8C022146EBF5E00131C59 /* main.m */,
				2BC8C024146EBF5E00131C59 /* LBGradient-Prefix.pch */,
			);
			name = "Supporting Files";
			sourceTree = "<group>";
		};
/* End PBXGroup section */

/* Begin PBXNativeTarget section */
		2BC8C011146EBF5E00131C59 /* LBGradient */ = {
			isa = PBXNativeTarget;
			buildConfigurationList = 2BC8C033146EBF5E00131C59 /* Build configuration list for PBXNativeTarget "LBGradient" */;
			buildPhases = (
				2BC8C00E146EBF5E00131C59 /* Sources */,
				2BC8C00F146EBF5E00131C59 /* Frameworks */,
				2BC8C010146EBF5E00131C59 /* Resources */,
			);
			buildRules = (
			);
			dependencies = (
			);
			name = LBGradient;
			productName = LBGradient;
			productReference = 2BC8C012146EBF5E00131C59 /* LBGradient.app */;
			productType = "com.apple.product-type.application";
		};
/* End PBXNativeTarget section */

/* Begin PBXProject section */
		2BC8C009146EBF5E00131C59 /* Project object */ = {
			isa = PBXProject;
			attributes = {
				LastUpgradeCheck = 0420;
			};
			buildConfigurationList = 2BC8C00C146EBF5E00131C59 /* Build configuration list for PBXProject "LBGradient" */;
			compatibilityVersion = "Xcode 3.2";
			developmentRegion = English;
			hasScannedForEncodings = 0;
			knownRegions = (
				en,
			);
			mainGroup = 2BC8C007146EBF5E00131C59;
			productRefGroup = 2BC8C013146EBF5E00131C59 /* Products */;
			projectDirPath = "";
			projectRoot = "";
			targets = (
				2BC8C011146EBF5E00131C59 /* LBGradient */,
			);
		};
/* End PBXProject section */

/* Begin PBXResourcesBuildPhase section */
		2BC8C010146EBF5E00131C59 /* Resources */ = {
			isa = PBXResourcesBuildPhase;
			buildActionMask = 2147483647;
			files = (
				2BC8C021146EBF5E00131C59 /* InfoPlist.strings in Resources */,
				2BC8C02A146EBF5E00131C59 /* MainStoryboard_iPhone.storyboard in Resources */,
				2BC8C02D146EBF5E00131C59 /* MainStoryboard_iPad.storyboard in Resources */,
			);
			runOnlyForDeploymentPostprocessing = 0;
		};
/* End PBXResourcesBuildPhase section */

/* Begin PBXSourcesBuildPhase section */
		2BC8C00E146EBF5E00131C59 /* Sources */ = {
			isa = PBXSourcesBuildPhase;
			buildActionMask = 2147483647;
			files = (
				2BC8C023146EBF5E00131C59 /* main.m in Sources */,
				2BC8C027146EBF5E00131C59 /* LBAppDelegate.m in Sources */,
				2BC8C030146EBF5E00131C59 /* LBViewController.m in Sources */,
				2BC8C03E146EBF9700131C59 /* LBGradient.m in Sources */,
				2B0EDDFA146EEB840052D411 /* LBGradientView.m in Sources */,
			);
			runOnlyForDeploymentPostprocessing = 0;
		};
/* End PBXSourcesBuildPhase section */

/* Begin PBXVariantGroup section */
		2BC8C01F146EBF5E00131C59 /* InfoPlist.strings */ = {
			isa = PBXVariantGroup;
			children = (
				2BC8C020146EBF5E00131C59 /* en */,
			);
			name = InfoPlist.strings;
			sourceTree = "<group>";
		};
		2BC8C028146EBF5E00131C59 /* MainStoryboard_iPhone.storyboard */ = {
			isa = PBXVariantGroup;
			children = (
				2BC8C029146EBF5E00131C59 /* en */,
			);
			name = MainStoryboard_iPhone.storyboard;
			sourceTree = "<group>";
		};
		2BC8C02B146EBF5E00131C59 /* MainStoryboard_iPad.storyboard */ = {
			isa = PBXVariantGroup;
			children = (
				2BC8C02C146EBF5E00131C59 /* en */,
			);
			name = MainStoryboard_iPad.storyboard;
			sourceTree = "<group>";
		};
/* End PBXVariantGroup section */

/* Begin XCBuildConfiguration section */
		2BC8C031146EBF5E00131C59 /* Debug */ = {
			isa = XCBuildConfiguration;
			buildSettings = {
				ALWAYS_SEARCH_USER_PATHS = NO;
				ARCHS = "$(ARCHS_STANDARD_32_BIT)";
				"CODE_SIGN_IDENTITY[sdk=iphoneos*]" = "iPhone Developer";
				COPY_PHASE_STRIP = NO;
				GCC_C_LANGUAGE_STANDARD = gnu99;
				GCC_DYNAMIC_NO_PIC = NO;
				GCC_OPTIMIZATION_LEVEL = 0;
				GCC_PREPROCESSOR_DEFINITIONS = (
					"DEBUG=1",
					"$(inherited)",
				);
				GCC_SYMBOLS_PRIVATE_EXTERN = NO;
				GCC_VERSION = com.apple.compilers.llvm.clang.1_0;
				GCC_WARN_ABOUT_MISSING_PROTOTYPES = YES;
				GCC_WARN_ABOUT_RETURN_TYPE = YES;
				GCC_WARN_UNUSED_VARIABLE = YES;
				IPHONEOS_DEPLOYMENT_TARGET = 5.0;
				SDKROOT = iphoneos;
				TARGETED_DEVICE_FAMILY = "1,2";
			};
			name = Debug;
		};
		2BC8C032146EBF5E00131C59 /* Release */ = {
			isa = XCBuildConfiguration;
			buildSettings = {
				ALWAYS_SEARCH_USER_PATHS = NO;
				ARCHS = "$(ARCHS_STANDARD_32_BIT)";
				"CODE_SIGN_IDENTITY[sdk=iphoneos*]" = "iPhone Developer";
				COPY_PHASE_STRIP = YES;
				GCC_C_LANGUAGE_STANDARD = gnu99;
				GCC_VERSION = com.apple.compilers.llvm.clang.1_0;
				GCC_WARN_ABOUT_MISSING_PROTOTYPES = YES;
				GCC_WARN_ABOUT_RETURN_TYPE = YES;
				GCC_WARN_UNUSED_VARIABLE = YES;
				IPHONEOS_DEPLOYMENT_TARGET = 5.0;
				OTHER_CFLAGS = "-DNS_BLOCK_ASSERTIONS=1";
				SDKROOT = iphoneos;
				TARGETED_DEVICE_FAMILY = "1,2";
				VALIDATE_PRODUCT = YES;
			};
			name = Release;
		};
		2BC8C034146EBF5E00131C59 /* Debug */ = {
			isa = XCBuildConfiguration;
			buildSettings = {
				GCC_PRECOMPILE_PREFIX_HEADER = YES;
				GCC_PREFIX_HEADER = "LBGradient/LBGradient-Prefix.pch";
				INFOPLIST_FILE = "LBGradient/LBGradient-Info.plist";
				PRODUCT_NAME = "$(TARGET_NAME)";
				WRAPPER_EXTENSION = app;
			};
			name = Debug;
		};
		2BC8C035146EBF5E00131C59 /* Release */ = {
			isa = XCBuildConfiguration;
			buildSettings = {
				GCC_PRECOMPILE_PREFIX_HEADER = YES;
				GCC_PREFIX_HEADER = "LBGradient/LBGradient-Prefix.pch";
				INFOPLIST_FILE = "LBGradient/LBGradient-Info.plist";
				PRODUCT_NAME = "$(TARGET_NAME)";
				WRAPPER_EXTENSION = app;
			};
			name = Release;
		};
/* End XCBuildConfiguration section */

/* Begin XCConfigurationList section */
		2BC8C00C146EBF5E00131C59 /* Build configuration list for PBXProject "LBGradient" */ = {
			isa = XCConfigurationList;
			buildConfigurations = (
				2BC8C031146EBF5E00131C59 /* Debug */,
				2BC8C032146EBF5E00131C59 /* Release */,
			);
			defaultConfigurationIsVisible = 0;
			defaultConfigurationName = Release;
		};
		2BC8C033146EBF5E00131C59 /* Build configuration list for PBXNativeTarget "LBGradient" */ = {
			isa = XCConfigurationList;
			buildConfigurations = (
				2BC8C034146EBF5E00131C59 /* Debug */,
				2BC8C035146EBF5E00131C59 /* Release */,
			);
			defaultConfigurationIsVisible = 0;
			defaultConfigurationName = Release;
		};
/* End XCConfigurationList section */
	};
	rootObject = 2BC8C009146EBF5E00131C59 /* Project object */;
}
